// !$*UTF8*$!
{
	archiveVersion = 1;
	classes = {
	};
	objectVersion = 50;
	objects = {

/* Begin PBXBuildFile section */
		EE092A4A251E333400F982EE /* AppDelegate.swift in Sources */ = {isa = PBXBuildFile; fileRef = EE092A49251E333400F982EE /* AppDelegate.swift */; };
		EE092A4C251E333400F982EE /* SceneDelegate.swift in Sources */ = {isa = PBXBuildFile; fileRef = EE092A4B251E333400F982EE /* SceneDelegate.swift */; };
		EE092A4E251E333400F982EE /* ViewController.swift in Sources */ = {isa = PBXBuildFile; fileRef = EE092A4D251E333400F982EE /* ViewController.swift */; };
		EE092A51251E333400F982EE /* Main.storyboard in Resources */ = {isa = PBXBuildFile; fileRef = EE092A4F251E333400F982EE /* Main.storyboard */; };
		EE092A53251E333700F982EE /* Assets.xcassets in Resources */ = {isa = PBXBuildFile; fileRef = EE092A52251E333700F982EE /* Assets.xcassets */; };
		EE092A56251E333700F982EE /* LaunchScreen.storyboard in Resources */ = {isa = PBXBuildFile; fileRef = EE092A54251E333700F982EE /* LaunchScreen.storyboard */; };
		EE092A5E251FBBD000F982EE /* JeopardyViewController.swift in Sources */ = {isa = PBXBuildFile; fileRef = EE092A5D251FBBD000F982EE /* JeopardyViewController.swift */; };
		EE38B0DD2522BCB90026E339 /* NBAViewController.swift in Sources */ = {isa = PBXBuildFile; fileRef = EE38B0DC2522BCB90026E339 /* NBAViewController.swift */; };
/* End PBXBuildFile section */

/* Begin PBXFileReference section */
		EE092A46251E333400F982EE /* ZachsAPIApp.app */ = {isa = PBXFileReference; explicitFileType = wrapper.application; includeInIndex = 0; path = ZachsAPIApp.app; sourceTree = BUILT_PRODUCTS_DIR; };
		EE092A49251E333400F982EE /* AppDelegate.swift */ = {isa = PBXFileReference; lastKnownFileType = sourcecode.swift; path = AppDelegate.swift; sourceTree = "<group>"; };
		EE092A4B251E333400F982EE /* SceneDelegate.swift */ = {isa = PBXFileReference; lastKnownFileType = sourcecode.swift; path = SceneDelegate.swift; sourceTree = "<group>"; };
		EE092A4D251E333400F982EE /* ViewController.swift */ = {isa = PBXFileReference; lastKnownFileType = sourcecode.swift; path = ViewController.swift; sourceTree = "<group>"; };
		EE092A50251E333400F982EE /* Base */ = {isa = PBXFileReference; lastKnownFileType = file.storyboard; name = Base; path = Base.lproj/Main.storyboard; sourceTree = "<group>"; };
		EE092A52251E333700F982EE /* Assets.xcassets */ = {isa = PBXFileReference; lastKnownFileType = folder.assetcatalog; path = Assets.xcassets; sourceTree = "<group>"; };
		EE092A55251E333700F982EE /* Base */ = {isa = PBXFileReference; lastKnownFileType = file.storyboard; name = Base; path = Base.lproj/LaunchScreen.storyboard; sourceTree = "<group>"; };
		EE092A57251E333700F982EE /* Info.plist */ = {isa = PBXFileReference; lastKnownFileType = text.plist.xml; path = Info.plist; sourceTree = "<group>"; };
		EE092A5D251FBBD000F982EE /* JeopardyViewController.swift */ = {isa = PBXFileReference; lastKnownFileType = sourcecode.swift; path = JeopardyViewController.swift; sourceTree = "<group>"; };
		EE38B0DC2522BCB90026E339 /* NBAViewController.swift */ = {isa = PBXFileReference; lastKnownFileType = sourcecode.swift; path = NBAViewController.swift; sourceTree = "<group>"; };
/* End PBXFileReference section */

/* Begin PBXFrameworksBuildPhase section */
		EE092A43251E333400F982EE /* Frameworks */ = {
			isa = PBXFrameworksBuildPhase;
			buildActionMask = 2147483647;
			files = (
			);
			runOnlyForDeploymentPostprocessing = 0;
		};
/* End PBXFrameworksBuildPhase section */

/* Begin PBXGroup section */
		EE092A3D251E333400F982EE = {
			isa = PBXGroup;
			children = (
				EE092A48251E333400F982EE /* ZachsAPIApp */,
				EE092A47251E333400F982EE /* Products */,
			);
			sourceTree = "<group>";
		};
		EE092A47251E333400F982EE /* Products */ = {
			isa = PBXGroup;
			children = (
				EE092A46251E333400F982EE /* ZachsAPIApp.app */,
			);
			name = Products;
			sourceTree = "<group>";
		};
		EE092A48251E333400F982EE /* ZachsAPIApp */ = {
			isa = PBXGroup;
			children = (
				EE092A49251E333400F982EE /* AppDelegate.swift */,
				EE092A4B251E333400F982EE /* SceneDelegate.swift */,
				EE092A4F251E333400F982EE /* Main.storyboard */,
				EE38B0DC2522BCB90026E339 /* NBAViewController.swift */,
				EE092A4D251E333400F982EE /* ViewController.swift */,
				EE092A5D251FBBD000F982EE /* JeopardyViewController.swift */,
				EE092A52251E333700F982EE /* Assets.xcassets */,
				EE092A54251E333700F982EE /* LaunchScreen.storyboard */,
				EE092A57251E333700F982EE /* Info.plist */,
			);
			path = ZachsAPIApp;
			sourceTree = "<group>";
		};
/* End PBXGroup section */

/* Begin PBXNativeTarget section */
		EE092A45251E333400F982EE /* ZachsAPIApp */ = {
			isa = PBXNativeTarget;
			buildConfigurationList = EE092A5A251E333700F982EE /* Build configuration list for PBXNativeTarget "ZachsAPIApp" */;
			buildPhases = (
				EE092A42251E333400F982EE /* Sources */,
				EE092A43251E333400F982EE /* Frameworks */,
				EE092A44251E333400F982EE /* Resources */,
			);
			buildRules = (
			);
			dependencies = (
			);
			name = ZachsAPIApp;
			productName = ZachsAPIApp;
			productReference = EE092A46251E333400F982EE /* ZachsAPIApp.app */;
			productType = "com.apple.product-type.application";
		};
/* End PBXNativeTarget section */

/* Begin PBXProject section */
		EE092A3E251E333400F982EE /* Project object */ = {
			isa = PBXProject;
			attributes = {
				LastSwiftUpdateCheck = 1110;
				LastUpgradeCheck = 1110;
				ORGANIZATIONNAME = ZaCode;
				TargetAttributes = {
					EE092A45251E333400F982EE = {
						CreatedOnToolsVersion = 11.1;
					};
				};
			};
			buildConfigurationList = EE092A41251E333400F982EE /* Build configuration list for PBXProject "ZachsAPIApp" */;
			compatibilityVersion = "Xcode 9.3";
			developmentRegion = en;
			hasScannedForEncodings = 0;
			knownRegions = (
				en,
				Base,
			);
			mainGroup = EE092A3D251E333400F982EE;
			productRefGroup = EE092A47251E333400F982EE /* Products */;
			projectDirPath = "";
			projectRoot = "";
			targets = (
				EE092A45251E333400F982EE /* ZachsAPIApp */,
			);
		};
/* End PBXProject section */

/* Begin PBXResourcesBuildPhase section */
		EE092A44251E333400F982EE /* Resources */ = {
			isa = PBXResourcesBuildPhase;
			buildActionMask = 2147483647;
			files = (
				EE092A56251E333700F982EE /* LaunchScreen.storyboard in Resources */,
				EE092A53251E333700F982EE /* Assets.xcassets in Resources */,
				EE092A51251E333400F982EE /* Main.storyboard in Resources */,
			);
			runOnlyForDeploymentPostprocessing = 0;
		};
/* End PBXResourcesBuildPhase section */

/* Begin PBXSourcesBuildPhase section */
		EE092A42251E333400F982EE /* Sources */ = {
			isa = PBXSourcesBuildPhase;
			buildActionMask = 2147483647;
			files = (
				EE092A5E251FBBD000F982EE /* JeopardyViewController.swift in Sources */,
				EE092A4E251E333400F982EE /* ViewController.swift in Sources */,
				EE092A4A251E333400F982EE /* AppDelegate.swift in Sources */,
				EE092A4C251E333400F982EE /* SceneDelegate.swift in Sources */,
				EE38B0DD2522BCB90026E339 /* NBAViewController.swift in Sources */,
			);
			runOnlyForDeploymentPostprocessing = 0;
		};
/* End PBXSourcesBuildPhase section */

/* Begin PBXVariantGroup section */
		EE092A4F251E333400F982EE /* Main.storyboard */ = {
			isa = PBXVariantGroup;
			children = (
				EE092A50251E333400F982EE /* Base */,
			);
			name = Main.storyboard;
			sourceTree = "<group>";
		};
		EE092A54251E333700F982EE /* LaunchScreen.storyboard */ = {
			isa = PBXVariantGroup;
			children = (
				EE092A55251E333700F982EE /* Base */,
			);
			name = LaunchScreen.storyboard;
			sourceTree = "<group>";
		};
/* End PBXVariantGroup section */

/* Begin XCBuildConfiguration section */
		EE092A58251E333700F982EE /* Debug */ = {
			isa = XCBuildConfiguration;
			buildSettings = {
				ALWAYS_SEARCH_USER_PATHS = NO;
				CLANG_ANALYZER_NONNULL = YES;
				CLANG_ANALYZER_NUMBER_OBJECT_CONVERSION = YES_AGGRESSIVE;
				CLANG_CXX_LANGUAGE_STANDARD = "gnu++14";
				CLANG_CXX_LIBRARY = "libc++";
				CLANG_ENABLE_MODULES = YES;
				CLANG_ENABLE_OBJC_ARC = YES;
				CLANG_ENABLE_OBJC_WEAK = YES;
				CLANG_WARN_BLOCK_CAPTURE_AUTORELEASING = YES;
				CLANG_WARN_BOOL_CONVERSION = YES;
				CLANG_WARN_COMMA = YES;
				CLANG_WARN_CONSTANT_CONVERSION = YES;
				CLANG_WARN_DEPRECATED_OBJC_IMPLEMENTATIONS = YES;
				CLANG_WARN_DIRECT_OBJC_ISA_USAGE = YES_ERROR;
				CLANG_WARN_DOCUMENTATION_COMMENTS = YES;
				CLANG_WARN_EMPTY_BODY = YES;
				CLANG_WARN_ENUM_CONVERSION = YES;
				CLANG_WARN_INFINITE_RECURSION = YES;
				CLANG_WARN_INT_CONVERSION = YES;
				CLANG_WARN_NON_LITERAL_NULL_CONVERSION = YES;
				CLANG_WARN_OBJC_IMPLICIT_RETAIN_SELF = YES;
				CLANG_WARN_OBJC_LITERAL_CONVERSION = YES;
				CLANG_WARN_OBJC_ROOT_CLASS = YES_ERROR;
				CLANG_WARN_RANGE_LOOP_ANALYSIS = YES;
				CLANG_WARN_STRICT_PROTOTYPES = YES;
				CLANG_WARN_SUSPICIOUS_MOVE = YES;
				CLANG_WARN_UNGUARDED_AVAILABILITY = YES_AGGRESSIVE;
				CLANG_WARN_UNREACHABLE_CODE = YES;
				CLANG_WARN__DUPLICATE_METHOD_MATCH = YES;
				COPY_PHASE_STRIP = NO;
				DEBUG_INFORMATION_FORMAT = dwarf;
				ENABLE_STRICT_OBJC_MSGSEND = YES;
				ENABLE_TESTABILITY = YES;
				GCC_C_LANGUAGE_STANDARD = gnu11;
				GCC_DYNAMIC_NO_PIC = NO;
				GCC_NO_COMMON_BLOCKS = YES;
				GCC_OPTIMIZATION_LEVEL = 0;
				GCC_PREPROCESSOR_DEFINITIONS = (
					"DEBUG=1",
					"$(inherited)",
				);
				GCC_WARN_64_TO_32_BIT_CONVERSION = YES;
				GCC_WARN_ABOUT_RETURN_TYPE = YES_ERROR;
				GCC_WARN_UNDECLARED_SELECTOR = YES;
				GCC_WARN_UNINITIALIZED_AUTOS = YES_AGGRESSIVE;
				GCC_WARN_UNUSED_FUNCTION = YES;
				GCC_WARN_UNUSED_VARIABLE = YES;
				IPHONEOS_DEPLOYMENT_TARGET = 13.1;
				MTL_ENABLE_DEBUG_INFO = INCLUDE_SOURCE;
				MTL_FAST_MATH = YES;
				ONLY_ACTIVE_ARCH = YES;
				SDKROOT = iphoneos;
				SWIFT_ACTIVE_COMPILATION_CONDITIONS = DEBUG;
				SWIFT_OPTIMIZATION_LEVEL = "-Onone";
			};
			name = Debug;
		};
		EE092A59251E333700F982EE /* Release */ = {
			isa = XCBuildConfiguration;
			buildSettings = {
				ALWAYS_SEARCH_USER_PATHS = NO;
				CLANG_ANALYZER_NONNULL = YES;
				CLANG_ANALYZER_NUMBER_OBJECT_CONVERSION = YES_AGGRESSIVE;
				CLANG_CXX_LANGUAGE_STANDARD = "gnu++14";
				CLANG_CXX_LIBRARY = "libc++";
				CLANG_ENABLE_MODULES = YES;
				CLANG_ENABLE_OBJC_ARC = YES;
				CLANG_ENABLE_OBJC_WEAK = YES;
				CLANG_WARN_BLOCK_CAPTURE_AUTORELEASING = YES;
				CLANG_WARN_BOOL_CONVERSION = YES;
				CLANG_WARN_COMMA = YES;
				CLANG_WARN_CONSTANT_CONVERSION = YES;
				CLANG_WARN_DEPRECATED_OBJC_IMPLEMENTATIONS = YES;
				CLANG_WARN_DIRECT_OBJC_ISA_USAGE = YES_ERROR;
				CLANG_WARN_DOCUMENTATION_COMMENTS = YES;
				CLANG_WARN_EMPTY_BODY = YES;
				CLANG_WARN_ENUM_CONVERSION = YES;
				CLANG_WARN_INFINITE_RECURSION = YES;
				CLANG_WARN_INT_CONVERSION = YES;
				CLANG_WARN_NON_LITERAL_NULL_CONVERSION = YES;
				CLANG_WARN_OBJC_IMPLICIT_RETAIN_SELF = YES;
				CLANG_WARN_OBJC_LITERAL_CONVERSION = YES;
				CLANG_WARN_OBJC_ROOT_CLASS = YES_ERROR;
				CLANG_WARN_RANGE_LOOP_ANALYSIS = YES;
				CLANG_WARN_STRICT_PROTOTYPES = YES;
				CLANG_WARN_SUSPICIOUS_MOVE = YES;
				CLANG_WARN_UNGUARDED_AVAILABILITY = YES_AGGRESSIVE;
				CLANG_WARN_UNREACHABLE_CODE = YES;
				CLANG_WARN__DUPLICATE_METHOD_MATCH = YES;
				COPY_PHASE_STRIP = NO;
				DEBUG_INFORMATION_FORMAT = "dwarf-with-dsym";
				ENABLE_NS_ASSERTIONS = NO;
				ENABLE_STRICT_OBJC_MSGSEND = YES;
				GCC_C_LANGUAGE_STANDARD = gnu11;
				GCC_NO_COMMON_BLOCKS = YES;
				GCC_WARN_64_TO_32_BIT_CONVERSION = YES;
				GCC_WARN_ABOUT_RETURN_TYPE = YES_ERROR;
				GCC_WARN_UNDECLARED_SELECTOR = YES;
				GCC_WARN_UNINITIALIZED_AUTOS = YES_AGGRESSIVE;
				GCC_WARN_UNUSED_FUNCTION = YES;
				GCC_WARN_UNUSED_VARIABLE = YES;
				IPHONEOS_DEPLOYMENT_TARGET = 13.1;
				MTL_ENABLE_DEBUG_INFO = NO;
				MTL_FAST_MATH = YES;
				SDKROOT = iphoneos;
				SWIFT_COMPILATION_MODE = wholemodule;
				SWIFT_OPTIMIZATION_LEVEL = "-O";
				VALIDATE_PRODUCT = YES;
			};
			name = Release;
		};
		EE092A5B251E333700F982EE /* Debug */ = {
			isa = XCBuildConfiguration;
			buildSettings = {
				ASSETCATALOG_COMPILER_APPICON_NAME = AppIcon;
				CODE_SIGN_STYLE = Automatic;
				DEVELOPMENT_TEAM = 2F73A24YWV;
				INFOPLIST_FILE = ZachsAPIApp/Info.plist;
				LD_RUNPATH_SEARCH_PATHS = (
					"$(inherited)",
					"@executable_path/Frameworks",
				);
				PRODUCT_BUNDLE_IDENTIFIER = ZaCode.ZachsAPIApp;
				PRODUCT_NAME = "$(TARGET_NAME)";
				SWIFT_VERSION = 5.0;
				TARGETED_DEVICE_FAMILY = "1,2";
			};
			name = Debug;
		};
		EE092A5C251E333700F982EE /* Release */ = {
			isa = XCBuildConfiguration;
			buildSettings = {
				ASSETCATALOG_COMPILER_APPICON_NAME = AppIcon;
				CODE_SIGN_STYLE = Automatic;
				DEVELOPMENT_TEAM = 2F73A24YWV;
				INFOPLIST_FILE = ZachsAPIApp/Info.plist;
				LD_RUNPATH_SEARCH_PATHS = (
					"$(inherited)",
					"@executable_path/Frameworks",
				);
				PRODUCT_BUNDLE_IDENTIFIER = ZaCode.ZachsAPIApp;
				PRODUCT_NAME = "$(TARGET_NAME)";
				SWIFT_VERSION = 5.0;
				TARGETED_DEVICE_FAMILY = "1,2";
			};
			name = Release;
		};
/* End XCBuildConfiguration section */

/* Begin XCConfigurationList section */
		EE092A41251E333400F982EE /* Build configuration list for PBXProject "ZachsAPIApp" */ = {
			isa = XCConfigurationList;
			buildConfigurations = (
				EE092A58251E333700F982EE /* Debug */,
				EE092A59251E333700F982EE /* Release */,
			);
			defaultConfigurationIsVisible = 0;
			defaultConfigurationName = Release;
		};
		EE092A5A251E333700F982EE /* Build configuration list for PBXNativeTarget "ZachsAPIApp" */ = {
			isa = XCConfigurationList;
			buildConfigurations = (
				EE092A5B251E333700F982EE /* Debug */,
				EE092A5C251E333700F982EE /* Release */,
			);
			defaultConfigurationIsVisible = 0;
			defaultConfigurationName = Release;
		};
/* End XCConfigurationList section */
	};
	rootObject = EE092A3E251E333400F982EE /* Project object */;
}
